lockfileVersion: '9.0'

settings:
  autoInstallPeers: true
  excludeLinksFromLockfile: false

importers:

  .:
    dependencies:
      '@napi-rs/canvas':
        specifier: ^0.1.58
        version: 0.1.58
      '@skyra/gifenc':
        specifier: ^1.0.1
        version: 1.0.1
    devDependencies:
      '@types/node':
        specifier: ^22.7.9
        version: 22.7.9
      typescript:
        specifier: ^5.6.3
        version: 5.6.3

packages:

  '@napi-rs/canvas-android-arm64@0.1.58':
    resolution: {integrity: sha512-0bwURPP2jNTRoZ++sLbUubYS8MQdoJrEp8T1Z5QNu6Msf2DZXYSyfNrzeA/I+3TfNmJ5r3kQueSxHA89e7CLUQ==}
    engines: {node: '>= 10'}
    cpu: [arm64]
    os: [android]

  '@napi-rs/canvas-darwin-arm64@0.1.58':
    resolution: {integrity: sha512-3AetouQtGTDldvIV9t7iZ6eZlwnn1r32GLr6zxmJmjDFQs5Ey1LYC7hYRYzRHx2fgU/slvwfMhgQjlH+T+vrlw==}
    engines: {node: '>= 10'}
    cpu: [arm64]
    os: [darwin]

  '@napi-rs/canvas-darwin-x64@0.1.58':
    resolution: {integrity: sha512-JwF2yTqzlvBAon4/GvzQf5RpCpcy4vusi4GZA35B0UI66+6DJv0J83E+tCuMJgCywk9GqUNEH9ozXqZsSMc7hw==}
    engines: {node: '>= 10'}
    cpu: [x64]
    os: [darwin]

  '@napi-rs/canvas-linux-arm-gnueabihf@0.1.58':
    resolution: {integrity: sha512-I0perR7XYeUFCASZJ3eMoCJz690PpZcq+9/kItOfqzH2+EO2I+MTn194p2YPHENzC+kybTUUucl9jyQDzRuZUg==}
    engines: {node: '>= 10'}
    cpu: [arm]
    os: [linux]

  '@napi-rs/canvas-linux-arm64-gnu@0.1.58':
    resolution: {integrity: sha512-9U/T2N2aVOQ2OcIxWxOP3GXXuBZkNFtvZFVW+Uiov6qRiTeu3xjqrvAP+CSWhpVIW+GhR3rhlcYZY73rlVcJjQ==}
    engines: {node: '>= 10'}
    cpu: [arm64]
    os: [linux]

  '@napi-rs/canvas-linux-arm64-musl@0.1.58':
    resolution: {integrity: sha512-CyPvv0CoZLn64t3zhgNy5Jd8QE5lKy+dcbkP/CT2XRNAJ8eulO1qr5gcKZBOhXkPFSHHjYcLHWuHK/6/KvggcQ==}
    engines: {node: '>= 10'}
    cpu: [arm64]
    os: [linux]

  '@napi-rs/canvas-linux-x64-gnu@0.1.58':
    resolution: {integrity: sha512-lt1KsWrdB0SJ1fhxGW1y1aLv+Xy+7/qQ/80oh+nbstqLqziMRUYkLOmsIKiMlqvv3zETa6VUPofi8dZmCbNUOQ==}
    engines: {node: '>= 10'}
    cpu: [x64]
    os: [linux]

  '@napi-rs/canvas-linux-x64-musl@0.1.58':
    resolution: {integrity: sha512-YCQwtulayB1Y+lJi9p3vLGs5q9udRsx9cRDY1fnyPAQnsGO5Snub/MZltYgEKUDlUlJxAcnVJlMUKPWT/zIR+w==}
    engines: {node: '>= 10'}
    cpu: [x64]
    os: [linux]

  '@napi-rs/canvas-win32-x64-msvc@0.1.58':
    resolution: {integrity: sha512-qyRhuEqyoSQTBRHLKvShfjueqVWWtsG2U3yaxAE9Yhkg0sx6lunH7fPPrFcIKxbQ4k8pAbmWebhi9xPVf6mYPQ==}
    engines: {node: '>= 10'}
    cpu: [x64]
    os: [win32]

  '@napi-rs/canvas@0.1.58':
    resolution: {integrity: sha512-XDeVEFbXfiiXeB9816rlbSZyOysJPaQTKYG7u/wL3GQhg4YznZkjq8vEsNvK6C+bJx29OV8INu9bmfXPaE4Drw==}
    engines: {node: '>= 10'}

  '@skyra/gifenc@1.0.1':
    resolution: {integrity: sha512-kxu65ZchumEKWnFwPwy+/T2+/lzQZtwK6f5VTG3OJIBqvfdyRyxrWvbeBHT6G8p6nBEuxSwyI3YXTv2koXvHVQ==}
    engines: {node: '>=v14.18.0', npm: '>=7.24.2'}

  '@types/node@22.7.9':
    resolution: {integrity: sha512-jrTfRC7FM6nChvU7X2KqcrgquofrWLFDeYC1hKfwNWomVvrn7JIksqf344WN2X/y8xrgqBd2dJATZV4GbatBfg==}

  tslib@2.8.0:
    resolution: {integrity: sha512-jWVzBLplnCmoaTr13V9dYbiQ99wvZRd0vNWaDRg+aVYRcjDF3nDksxFDE/+fkXnKhpnUUkmx5pK/v8mCtLVqZA==}

  typescript@5.6.3:
    resolution: {integrity: sha512-hjcS1mhfuyi4WW8IWtjP7brDrG2cuDZukyrYrSauoXGNgx0S7zceP07adYkJycEr56BOUTNPzbInooiN3fn1qw==}
    engines: {node: '>=14.17'}
    hasBin: true

  undici-types@6.19.8:
    resolution: {integrity: sha512-ve2KP6f/JnbPBFyobGHuerC9g1FYGn/F8n1LWTwNxCEzd6IfqTwUQcNXgEtmmQ6DlRrC1hrSrBnCZPokRrDHjw==}

snapshots:

  '@napi-rs/canvas-android-arm64@0.1.58':
    optional: true

  '@napi-rs/canvas-darwin-arm64@0.1.58':
    optional: true

  '@napi-rs/canvas-darwin-x64@0.1.58':
    optional: true

  '@napi-rs/canvas-linux-arm-gnueabihf@0.1.58':
    optional: true

  '@napi-rs/canvas-linux-arm64-gnu@0.1.58':
    optional: true

  '@napi-rs/canvas-linux-arm64-musl@0.1.58':
    optional: true

  '@napi-rs/canvas-linux-x64-gnu@0.1.58':
    optional: true

  '@napi-rs/canvas-linux-x64-musl@0.1.58':
    optional: true

  '@napi-rs/canvas-win32-x64-msvc@0.1.58':
    optional: true

  '@napi-rs/canvas@0.1.58':
    optionalDependencies:
      '@napi-rs/canvas-android-arm64': 0.1.58
      '@napi-rs/canvas-darwin-arm64': 0.1.58
      '@napi-rs/canvas-darwin-x64': 0.1.58
      '@napi-rs/canvas-linux-arm-gnueabihf': 0.1.58
      '@napi-rs/canvas-linux-arm64-gnu': 0.1.58
      '@napi-rs/canvas-linux-arm64-musl': 0.1.58
      '@napi-rs/canvas-linux-x64-gnu': 0.1.58
      '@napi-rs/canvas-linux-x64-musl': 0.1.58
      '@napi-rs/canvas-win32-x64-msvc': 0.1.58

  '@skyra/gifenc@1.0.1':
    dependencies:
      tslib: 2.8.0

  '@types/node@22.7.9':
    dependencies:
      undici-types: 6.19.8

  tslib@2.8.0: {}

  typescript@5.6.3: {}

  undici-types@6.19.8: {}
