lockfileVersion: '9.0'

settings:
  autoInstallPeers: true
  excludeLinksFromLockfile: false

importers:

  .:
    dependencies:
      '@napi-rs/canvas':
        specifier: ^0.1.68
        version: 0.1.68
      '@skyra/gifenc':
        specifier: ^1.0.1
        version: 1.0.1
    devDependencies:
      '@types/node':
        specifier: ^22.13.14
        version: 22.13.14
      typescript:
        specifier: ^5.8.2
        version: 5.8.2

packages:

  '@napi-rs/canvas-android-arm64@0.1.68':
    resolution: {integrity: sha512-h1KcSR4LKLfRfzeBH65xMxbWOGa1OtMFQbCMVlxPCkN1Zr+2gK+70pXO5ktojIYcUrP6KDcOwoc8clho5ccM/w==}
    engines: {node: '>= 10'}
    cpu: [arm64]
    os: [android]

  '@napi-rs/canvas-darwin-arm64@0.1.68':
    resolution: {integrity: sha512-/VURlrAD4gDoxW1GT/b0nP3fRz/fhxmHI/xznTq2FTwkQLPOlLkDLCvTmQ7v6LtGKdc2Ed6rvYpRan+JXThInQ==}
    engines: {node: '>= 10'}
    cpu: [arm64]
    os: [darwin]

  '@napi-rs/canvas-darwin-x64@0.1.68':
    resolution: {integrity: sha512-tEpvGR6vCLTo1Tx9wmDnoOKROpw57wiCWwCpDOuVlj/7rqEJOUYr9ixW4aRJgmeGBrZHgevI0EURys2ER6whmg==}
    engines: {node: '>= 10'}
    cpu: [x64]
    os: [darwin]

  '@napi-rs/canvas-linux-arm-gnueabihf@0.1.68':
    resolution: {integrity: sha512-U9xbJsumPOiAYeAFZMlHf62b9dGs2HJ6Q5xt7xTB0uEyPeurwhgYBWGgabdsEidyj38YuzI/c3LGBbSQB3vagw==}
    engines: {node: '>= 10'}
    cpu: [arm]
    os: [linux]

  '@napi-rs/canvas-linux-arm64-gnu@0.1.68':
    resolution: {integrity: sha512-KFkn8wEm3mPnWD4l8+OUUkxylSJuN5q9PnJRZJgv15RtCA1bgxIwTkBhI/+xuyVMcHqON9sXq7cDkEJtHm35dg==}
    engines: {node: '>= 10'}
    cpu: [arm64]
    os: [linux]

  '@napi-rs/canvas-linux-arm64-musl@0.1.68':
    resolution: {integrity: sha512-IQzts91rCdOALXBWQxLZRCEDrfFTGDtNRJMNu+2SKZ1uT8cmPQkPwVk5rycvFpvgAcmiFiOSCp1aRrlfU8KPpQ==}
    engines: {node: '>= 10'}
    cpu: [arm64]
    os: [linux]

  '@napi-rs/canvas-linux-riscv64-gnu@0.1.68':
    resolution: {integrity: sha512-e9AS5UttoIKqXSmBzKZdd3NErSVyOEYzJfNOCGtafGk1//gibTwQXGlSXmAKuErqMp09pyk9aqQRSYzm1AQfBw==}
    engines: {node: '>= 10'}
    cpu: [riscv64]
    os: [linux]

  '@napi-rs/canvas-linux-x64-gnu@0.1.68':
    resolution: {integrity: sha512-Pa/I36VE3j57I3Obhrr+J48KGFfkZk2cJN/2NmW/vCgmoF7kCP6aTVq5n+cGdGWLd/cN9CJ9JvNwEoMRDghu0g==}
    engines: {node: '>= 10'}
    cpu: [x64]
    os: [linux]

  '@napi-rs/canvas-linux-x64-musl@0.1.68':
    resolution: {integrity: sha512-9c6rkc5195wNxuUHJdf4/mmnq433OQey9TNvQ9LspJazvHbfSkTij8wtKjASVQsJyPDva4fkWOeV/OQ7cLw0GQ==}
    engines: {node: '>= 10'}
    cpu: [x64]
    os: [linux]

  '@napi-rs/canvas-win32-x64-msvc@0.1.68':
    resolution: {integrity: sha512-Fc5Dez23u0FoSATurT6/w1oMytiRnKWEinHivdMvXpge6nG4YvhrASrtqMk8dGJMVQpHr8QJYF45rOrx2YU2Aw==}
    engines: {node: '>= 10'}
    cpu: [x64]
    os: [win32]

  '@napi-rs/canvas@0.1.68':
    resolution: {integrity: sha512-LQESrePLEBLvhuFkXx9jjBXRC2ClYsO5mqQ1m/puth5z9SOuM3N/B3vDuqnC3RJFktDktyK9khGvo7dTkqO9uQ==}
    engines: {node: '>= 10'}

  '@skyra/gifenc@1.0.1':
    resolution: {integrity: sha512-kxu65ZchumEKWnFwPwy+/T2+/lzQZtwK6f5VTG3OJIBqvfdyRyxrWvbeBHT6G8p6nBEuxSwyI3YXTv2koXvHVQ==}
    engines: {node: '>=v14.18.0', npm: '>=7.24.2'}

  '@types/node@22.13.14':
    resolution: {integrity: sha512-Zs/Ollc1SJ8nKUAgc7ivOEdIBM8JAKgrqqUYi2J997JuKO7/tpQC+WCetQ1sypiKCQWHdvdg9wBNpUPEWZae7w==}

  tslib@2.8.1:
    resolution: {integrity: sha512-oJFu94HQb+KVduSUQL7wnpmqnfmLsOA/nAh6b6EH0wCEoK0/mPeXU6c3wKDV83MkOuHPRHtSXKKU99IBazS/2w==}

  typescript@5.8.2:
    resolution: {integrity: sha512-aJn6wq13/afZp/jT9QZmwEjDqqvSGp1VT5GVg+f/t6/oVyrgXM6BY1h9BRh/O5p3PlUPAe+WuiEZOmb/49RqoQ==}
    engines: {node: '>=14.17'}
    hasBin: true

  undici-types@6.20.0:
    resolution: {integrity: sha512-Ny6QZ2Nju20vw1SRHe3d9jVu6gJ+4e3+MMpqu7pqE5HT6WsTSlce++GQmK5UXS8mzV8DSYHrQH+Xrf2jVcuKNg==}

snapshots:

  '@napi-rs/canvas-android-arm64@0.1.68':
    optional: true

  '@napi-rs/canvas-darwin-arm64@0.1.68':
    optional: true

  '@napi-rs/canvas-darwin-x64@0.1.68':
    optional: true

  '@napi-rs/canvas-linux-arm-gnueabihf@0.1.68':
    optional: true

  '@napi-rs/canvas-linux-arm64-gnu@0.1.68':
    optional: true

  '@napi-rs/canvas-linux-arm64-musl@0.1.68':
    optional: true

  '@napi-rs/canvas-linux-riscv64-gnu@0.1.68':
    optional: true

  '@napi-rs/canvas-linux-x64-gnu@0.1.68':
    optional: true

  '@napi-rs/canvas-linux-x64-musl@0.1.68':
    optional: true

  '@napi-rs/canvas-win32-x64-msvc@0.1.68':
    optional: true

  '@napi-rs/canvas@0.1.68':
    optionalDependencies:
      '@napi-rs/canvas-android-arm64': 0.1.68
      '@napi-rs/canvas-darwin-arm64': 0.1.68
      '@napi-rs/canvas-darwin-x64': 0.1.68
      '@napi-rs/canvas-linux-arm-gnueabihf': 0.1.68
      '@napi-rs/canvas-linux-arm64-gnu': 0.1.68
      '@napi-rs/canvas-linux-arm64-musl': 0.1.68
      '@napi-rs/canvas-linux-riscv64-gnu': 0.1.68
      '@napi-rs/canvas-linux-x64-gnu': 0.1.68
      '@napi-rs/canvas-linux-x64-musl': 0.1.68
      '@napi-rs/canvas-win32-x64-msvc': 0.1.68

  '@skyra/gifenc@1.0.1':
    dependencies:
      tslib: 2.8.1

  '@types/node@22.13.14':
    dependencies:
      undici-types: 6.20.0

  tslib@2.8.1: {}

  typescript@5.8.2: {}

  undici-types@6.20.0: {}
